
Microsoft Visual Studio Solution File, Format Version 12.00
# Visual Studio Version 16
VisualStudioVersion = 16.0.29806.167
MinimumVisualStudioVersion = 10.0.40219.1
Project("{8BC9CEB8-8B4A-11D0-8D11-00A0C91BC942}") = "TSD_Assignment2", "TSD_Assignment2.vcxproj", "{ED706DBE-C8AB-4F2C-83AA-F26C2A8E1258}"
EndProject
Global
	GlobalSection(SolutionConfigurationPlatforms) = preSolution
		Debug|x64 = Debug|x64
		Debug|x86 = Debug|x86
		Release|x64 = Release|x64
		Release|x86 = Release|x86
	EndGlobalSection
	GlobalSection(ProjectConfigurationPlatforms) = postSolution
		{ED706DBE-C8AB-4F2C-83AA-F26C2A8E1258}.Debug|x64.ActiveCfg = Debug|x64
		{ED706DBE-C8AB-4F2C-83AA-F26C2A8E1258}.Debug|x64.Build.0 = Debug|x64
		{ED706DBE-C8AB-4F2C-83AA-F26C2A8E1258}.Debug|x86.ActiveCfg = Debug|Win32
		{ED706DBE-C8AB-4F2C-83AA-F26C2A8E1258}.Debug|x86.Build.0 = Debug|Win32
		{ED706DBE-C8AB-4F2C-83AA-F26C2A8E1258}.Release|x64.ActiveCfg = Release|x64
		{ED706DBE-C8AB-4F2C-83AA-F26C2A8E1258}.Release|x64.Build.0 = Release|x64
		{ED706DBE-C8AB-4F2C-83AA-F26C2A8E1258}.Release|x86.ActiveCfg = Release|Win32
		{ED706DBE-C8AB-4F2C-83AA-F26C2A8E1258}.Release|x86.Build.0 = Release|Win32
	EndGlobalSection
	GlobalSection(SolutionProperties) = preSolution
		HideSolutionNode = FALSE
	EndGlobalSection
	GlobalSection(ExtensibilityGlobals) = postSolution
		SolutionGuid = {9738C1FF-803B-466F-B979-68C3F3DB1FFF}
	EndGlobalSection
EndGlobal
